// !$*UTF8*$!
{
	archiveVersion = 1;
	classes = {
	};
	objectVersion = 50;
	objects = {

/* Begin PBXBuildFile section */
		EE7B5D5B21645AAF00FB5197 /* AppDelegate.swift in Sources */ = {isa = PBXBuildFile; fileRef = EE7B5D5A21645AAF00FB5197 /* AppDelegate.swift */; };
		EE7B5D5D21645AAF00FB5197 /* ViewController.swift in Sources */ = {isa = PBXBuildFile; fileRef = EE7B5D5C21645AAF00FB5197 /* ViewController.swift */; };
		EE7B5D6021645AAF00FB5197 /* Main.storyboard in Resources */ = {isa = PBXBuildFile; fileRef = EE7B5D5E21645AAF00FB5197 /* Main.storyboard */; };
		EE7B5D6321645AAF00FB5197 /* StudentManagement.xcdatamodeld in Sources */ = {isa = PBXBuildFile; fileRef = EE7B5D6121645AAF00FB5197 /* StudentManagement.xcdatamodeld */; };
		EE7B5D6521645AB100FB5197 /* Assets.xcassets in Resources */ = {isa = PBXBuildFile; fileRef = EE7B5D6421645AB100FB5197 /* Assets.xcassets */; };
		EE7B5D6821645AB100FB5197 /* LaunchScreen.storyboard in Resources */ = {isa = PBXBuildFile; fileRef = EE7B5D6621645AB100FB5197 /* LaunchScreen.storyboard */; };
		EE7B5D7321645AB100FB5197 /* StudentManagementTests.swift in Sources */ = {isa = PBXBuildFile; fileRef = EE7B5D7221645AB100FB5197 /* StudentManagementTests.swift */; };
/* End PBXBuildFile section */

/* Begin PBXContainerItemProxy section */
		EE7B5D6F21645AB100FB5197 /* PBXContainerItemProxy */ = {
			isa = PBXContainerItemProxy;
			containerPortal = EE7B5D4F21645AAF00FB5197 /* Project object */;
			proxyType = 1;
			remoteGlobalIDString = EE7B5D5621645AAF00FB5197;
			remoteInfo = StudentManagement;
		};
/* End PBXContainerItemProxy section */

/* Begin PBXFileReference section */
		EE7B5D5721645AAF00FB5197 /* StudentManagement.app */ = {isa = PBXFileReference; explicitFileType = wrapper.application; includeInIndex = 0; path = StudentManagement.app; sourceTree = BUILT_PRODUCTS_DIR; };
		EE7B5D5A21645AAF00FB5197 /* AppDelegate.swift */ = {isa = PBXFileReference; lastKnownFileType = sourcecode.swift; path = AppDelegate.swift; sourceTree = "<group>"; };
		EE7B5D5C21645AAF00FB5197 /* ViewController.swift */ = {isa = PBXFileReference; lastKnownFileType = sourcecode.swift; path = ViewController.swift; sourceTree = "<group>"; };
		EE7B5D5F21645AAF00FB5197 /* Base */ = {isa = PBXFileReference; lastKnownFileType = file.storyboard; name = Base; path = Base.lproj/Main.storyboard; sourceTree = "<group>"; };
		EE7B5D6221645AAF00FB5197 /* StudentManagement.xcdatamodel */ = {isa = PBXFileReference; lastKnownFileType = wrapper.xcdatamodel; path = StudentManagement.xcdatamodel; sourceTree = "<group>"; };
		EE7B5D6421645AB100FB5197 /* Assets.xcassets */ = {isa = PBXFileReference; lastKnownFileType = folder.assetcatalog; path = Assets.xcassets; sourceTree = "<group>"; };
		EE7B5D6721645AB100FB5197 /* Base */ = {isa = PBXFileReference; lastKnownFileType = file.storyboard; name = Base; path = Base.lproj/LaunchScreen.storyboard; sourceTree = "<group>"; };
		EE7B5D6921645AB100FB5197 /* Info.plist */ = {isa = PBXFileReference; lastKnownFileType = text.plist.xml; path = Info.plist; sourceTree = "<group>"; };
		EE7B5D6E21645AB100FB5197 /* StudentManagementTests.xctest */ = {isa = PBXFileReference; explicitFileType = wrapper.cfbundle; includeInIndex = 0; path = StudentManagementTests.xctest; sourceTree = BUILT_PRODUCTS_DIR; };
		EE7B5D7221645AB100FB5197 /* StudentManagementTests.swift */ = {isa = PBXFileReference; lastKnownFileType = sourcecode.swift; path = StudentManagementTests.swift; sourceTree = "<group>"; };
		EE7B5D7421645AB100FB5197 /* Info.plist */ = {isa = PBXFileReference; lastKnownFileType = text.plist.xml; path = Info.plist; sourceTree = "<group>"; };
/* End PBXFileReference section */

/* Begin PBXFrameworksBuildPhase section */
		EE7B5D5421645AAF00FB5197 /* Frameworks */ = {
			isa = PBXFrameworksBuildPhase;
			buildActionMask = 2147483647;
			files = (
			);
			runOnlyForDeploymentPostprocessing = 0;
		};
		EE7B5D6B21645AB100FB5197 /* Frameworks */ = {
			isa = PBXFrameworksBuildPhase;
			buildActionMask = 2147483647;
			files = (
			);
			runOnlyForDeploymentPostprocessing = 0;
		};
/* End PBXFrameworksBuildPhase section */

/* Begin PBXGroup section */
		EE7B5D4E21645AAF00FB5197 = {
			isa = PBXGroup;
			children = (
				EE7B5D5921645AAF00FB5197 /* StudentManagement */,
				EE7B5D7121645AB100FB5197 /* StudentManagementTests */,
				EE7B5D5821645AAF00FB5197 /* Products */,
			);
			sourceTree = "<group>";
		};
		EE7B5D5821645AAF00FB5197 /* Products */ = {
			isa = PBXGroup;
			children = (
				EE7B5D5721645AAF00FB5197 /* StudentManagement.app */,
				EE7B5D6E21645AB100FB5197 /* StudentManagementTests.xctest */,
			);
			name = Products;
			sourceTree = "<group>";
		};
		EE7B5D5921645AAF00FB5197 /* StudentManagement */ = {
			isa = PBXGroup;
			children = (
				EE7B5D5A21645AAF00FB5197 /* AppDelegate.swift */,
				EE7B5D5C21645AAF00FB5197 /* ViewController.swift */,
				EE7B5D5E21645AAF00FB5197 /* Main.storyboard */,
				EE7B5D6421645AB100FB5197 /* Assets.xcassets */,
				EE7B5D6621645AB100FB5197 /* LaunchScreen.storyboard */,
				EE7B5D6921645AB100FB5197 /* Info.plist */,
				EE7B5D6121645AAF00FB5197 /* StudentManagement.xcdatamodeld */,
			);
			path = StudentManagement;
			sourceTree = "<group>";
		};
		EE7B5D7121645AB100FB5197 /* StudentManagementTests */ = {
			isa = PBXGroup;
			children = (
				EE7B5D7221645AB100FB5197 /* StudentManagementTests.swift */,
				EE7B5D7421645AB100FB5197 /* Info.plist */,
			);
			path = StudentManagementTests;
			sourceTree = "<group>";
		};
/* End PBXGroup section */

/* Begin PBXNativeTarget section */
		EE7B5D5621645AAF00FB5197 /* StudentManagement */ = {
			isa = PBXNativeTarget;
			buildConfigurationList = EE7B5D7721645AB100FB5197 /* Build configuration list for PBXNativeTarget "StudentManagement" */;
			buildPhases = (
				EE7B5D5321645AAF00FB5197 /* Sources */,
				EE7B5D5421645AAF00FB5197 /* Frameworks */,
				EE7B5D5521645AAF00FB5197 /* Resources */,
			);
			buildRules = (
			);
			dependencies = (
			);
			name = StudentManagement;
			productName = StudentManagement;
			productReference = EE7B5D5721645AAF00FB5197 /* StudentManagement.app */;
			productType = "com.apple.product-type.application";
		};
		EE7B5D6D21645AB100FB5197 /* StudentManagementTests */ = {
			isa = PBXNativeTarget;
			buildConfigurationList = EE7B5D7A21645AB100FB5197 /* Build configuration list for PBXNativeTarget "StudentManagementTests" */;
			buildPhases = (
				EE7B5D6A21645AB100FB5197 /* Sources */,
				EE7B5D6B21645AB100FB5197 /* Frameworks */,
				EE7B5D6C21645AB100FB5197 /* Resources */,
			);
			buildRules = (
			);
			dependencies = (
				EE7B5D7021645AB100FB5197 /* PBXTargetDependency */,
			);
			name = StudentManagementTests;
			productName = StudentManagementTests;
			productReference = EE7B5D6E21645AB100FB5197 /* StudentManagementTests.xctest */;
			productType = "com.apple.product-type.bundle.unit-test";
		};
/* End PBXNativeTarget section */

/* Begin PBXProject section */
		EE7B5D4F21645AAF00FB5197 /* Project object */ = {
			isa = PBXProject;
			attributes = {
				LastSwiftUpdateCheck = 1000;
				LastUpgradeCheck = 1000;
				ORGANIZATIONNAME = "Sonam Serchan";
				TargetAttributes = {
					EE7B5D5621645AAF00FB5197 = {
						CreatedOnToolsVersion = 10.0;
					};
					EE7B5D6D21645AB100FB5197 = {
						CreatedOnToolsVersion = 10.0;
						TestTargetID = EE7B5D5621645AAF00FB5197;
					};
				};
			};
			buildConfigurationList = EE7B5D5221645AAF00FB5197 /* Build configuration list for PBXProject "StudentManagement" */;
			compatibilityVersion = "Xcode 9.3";
			developmentRegion = en;
			hasScannedForEncodings = 0;
			knownRegions = (
				en,
				Base,
			);
			mainGroup = EE7B5D4E21645AAF00FB5197;
			productRefGroup = EE7B5D5821645AAF00FB5197 /* Products */;
			projectDirPath = "";
			projectRoot = "";
			targets = (
				EE7B5D5621645AAF00FB5197 /* StudentManagement */,
				EE7B5D6D21645AB100FB5197 /* StudentManagementTests */,
			);
		};
/* End PBXProject section */

/* Begin PBXResourcesBuildPhase section */
		EE7B5D5521645AAF00FB5197 /* Resources */ = {
			isa = PBXResourcesBuildPhase;
			buildActionMask = 2147483647;
			files = (
				EE7B5D6821645AB100FB5197 /* LaunchScreen.storyboard in Resources */,
				EE7B5D6521645AB100FB5197 /* Assets.xcassets in Resources */,
				EE7B5D6021645AAF00FB5197 /* Main.storyboard in Resources */,
			);
			runOnlyForDeploymentPostprocessing = 0;
		};
		EE7B5D6C21645AB100FB5197 /* Resources */ = {
			isa = PBXResourcesBuildPhase;
			buildActionMask = 2147483647;
			files = (
			);
			runOnlyForDeploymentPostprocessing = 0;
		};
/* End PBXResourcesBuildPhase section */

/* Begin PBXSourcesBuildPhase section */
		EE7B5D5321645AAF00FB5197 /* Sources */ = {
			isa = PBXSourcesBuildPhase;
			buildActionMask = 2147483647;
			files = (
				EE7B5D6321645AAF00FB5197 /* StudentManagement.xcdatamodeld in Sources */,
				EE7B5D5D21645AAF00FB5197 /* ViewController.swift in Sources */,
				EE7B5D5B21645AAF00FB5197 /* AppDelegate.swift in Sources */,
			);
			runOnlyForDeploymentPostprocessing = 0;
		};
		EE7B5D6A21645AB100FB5197 /* Sources */ = {
			isa = PBXSourcesBuildPhase;
			buildActionMask = 2147483647;
			files = (
				EE7B5D7321645AB100FB5197 /* StudentManagementTests.swift in Sources */,
			);
			runOnlyForDeploymentPostprocessing = 0;
		};
/* End PBXSourcesBuildPhase section */

/* Begin PBXTargetDependency section */
		EE7B5D7021645AB100FB5197 /* PBXTargetDependency */ = {
			isa = PBXTargetDependency;
			target = EE7B5D5621645AAF00FB5197 /* StudentManagement */;
			targetProxy = EE7B5D6F21645AB100FB5197 /* PBXContainerItemProxy */;
		};
/* End PBXTargetDependency section */

/* Begin PBXVariantGroup section */
		EE7B5D5E21645AAF00FB5197 /* Main.storyboard */ = {
			isa = PBXVariantGroup;
			children = (
				EE7B5D5F21645AAF00FB5197 /* Base */,
			);
			name = Main.storyboard;
			sourceTree = "<group>";
		};
		EE7B5D6621645AB100FB5197 /* LaunchScreen.storyboard */ = {
			isa = PBXVariantGroup;
			children = (
				EE7B5D6721645AB100FB5197 /* Base */,
			);
			name = LaunchScreen.storyboard;
			sourceTree = "<group>";
		};
/* End PBXVariantGroup section */

/* Begin XCBuildConfiguration section */
		EE7B5D7521645AB100FB5197 /* Debug */ = {
			isa = XCBuildConfiguration;
			buildSettings = {
				ALWAYS_SEARCH_USER_PATHS = NO;
				CLANG_ANALYZER_NONNULL = YES;
				CLANG_ANALYZER_NUMBER_OBJECT_CONVERSION = YES_AGGRESSIVE;
				CLANG_CXX_LANGUAGE_STANDARD = "gnu++14";
				CLANG_CXX_LIBRARY = "libc++";
				CLANG_ENABLE_MODULES = YES;
				CLANG_ENABLE_OBJC_ARC = YES;
				CLANG_ENABLE_OBJC_WEAK = YES;
				CLANG_WARN_BLOCK_CAPTURE_AUTORELEASING = YES;
				CLANG_WARN_BOOL_CONVERSION = YES;
				CLANG_WARN_COMMA = YES;
				CLANG_WARN_CONSTANT_CONVERSION = YES;
				CLANG_WARN_DEPRECATED_OBJC_IMPLEMENTATIONS = YES;
				CLANG_WARN_DIRECT_OBJC_ISA_USAGE = YES_ERROR;
				CLANG_WARN_DOCUMENTATION_COMMENTS = YES;
				CLANG_WARN_EMPTY_BODY = YES;
				CLANG_WARN_ENUM_CONVERSION = YES;
				CLANG_WARN_INFINITE_RECURSION = YES;
				CLANG_WARN_INT_CONVERSION = YES;
				CLANG_WARN_NON_LITERAL_NULL_CONVERSION = YES;
				CLANG_WARN_OBJC_IMPLICIT_RETAIN_SELF = YES;
				CLANG_WARN_OBJC_LITERAL_CONVERSION = YES;
				CLANG_WARN_OBJC_ROOT_CLASS = YES_ERROR;
				CLANG_WARN_RANGE_LOOP_ANALYSIS = YES;
				CLANG_WARN_STRICT_PROTOTYPES = YES;
				CLANG_WARN_SUSPICIOUS_MOVE = YES;
				CLANG_WARN_UNGUARDED_AVAILABILITY = YES_AGGRESSIVE;
				CLANG_WARN_UNREACHABLE_CODE = YES;
				CLANG_WARN__DUPLICATE_METHOD_MATCH = YES;
				CODE_SIGN_IDENTITY = "iPhone Developer";
				COPY_PHASE_STRIP = NO;
				DEBUG_INFORMATION_FORMAT = dwarf;
				ENABLE_STRICT_OBJC_MSGSEND = YES;
				ENABLE_TESTABILITY = YES;
				GCC_C_LANGUAGE_STANDARD = gnu11;
				GCC_DYNAMIC_NO_PIC = NO;
				GCC_NO_COMMON_BLOCKS = YES;
				GCC_OPTIMIZATION_LEVEL = 0;
				GCC_PREPROCESSOR_DEFINITIONS = (
					"DEBUG=1",
					"$(inherited)",
				);
				GCC_WARN_64_TO_32_BIT_CONVERSION = YES;
				GCC_WARN_ABOUT_RETURN_TYPE = YES_ERROR;
				GCC_WARN_UNDECLARED_SELECTOR = YES;
				GCC_WARN_UNINITIALIZED_AUTOS = YES_AGGRESSIVE;
				GCC_WARN_UNUSED_FUNCTION = YES;
				GCC_WARN_UNUSED_VARIABLE = YES;
				IPHONEOS_DEPLOYMENT_TARGET = 12.0;
				MTL_ENABLE_DEBUG_INFO = INCLUDE_SOURCE;
				MTL_FAST_MATH = YES;
				ONLY_ACTIVE_ARCH = YES;
				SDKROOT = iphoneos;
				SWIFT_ACTIVE_COMPILATION_CONDITIONS = DEBUG;
				SWIFT_OPTIMIZATION_LEVEL = "-Onone";
			};
			name = Debug;
		};
		EE7B5D7621645AB100FB5197 /* Release */ = {
			isa = XCBuildConfiguration;
			buildSettings = {
				ALWAYS_SEARCH_USER_PATHS = NO;
				CLANG_ANALYZER_NONNULL = YES;
				CLANG_ANALYZER_NUMBER_OBJECT_CONVERSION = YES_AGGRESSIVE;
				CLANG_CXX_LANGUAGE_STANDARD = "gnu++14";
				CLANG_CXX_LIBRARY = "libc++";
				CLANG_ENABLE_MODULES = YES;
				CLANG_ENABLE_OBJC_ARC = YES;
				CLANG_ENABLE_OBJC_WEAK = YES;
				CLANG_WARN_BLOCK_CAPTURE_AUTORELEASING = YES;
				CLANG_WARN_BOOL_CONVERSION = YES;
				CLANG_WARN_COMMA = YES;
				CLANG_WARN_CONSTANT_CONVERSION = YES;
				CLANG_WARN_DEPRECATED_OBJC_IMPLEMENTATIONS = YES;
				CLANG_WARN_DIRECT_OBJC_ISA_USAGE = YES_ERROR;
				CLANG_WARN_DOCUMENTATION_COMMENTS = YES;
				CLANG_WARN_EMPTY_BODY = YES;
				CLANG_WARN_ENUM_CONVERSION = YES;
				CLANG_WARN_INFINITE_RECURSION = YES;
				CLANG_WARN_INT_CONVERSION = YES;
				CLANG_WARN_NON_LITERAL_NULL_CONVERSION = YES;
				CLANG_WARN_OBJC_IMPLICIT_RETAIN_SELF = YES;
				CLANG_WARN_OBJC_LITERAL_CONVERSION = YES;
				CLANG_WARN_OBJC_ROOT_CLASS = YES_ERROR;
				CLANG_WARN_RANGE_LOOP_ANALYSIS = YES;
				CLANG_WARN_STRICT_PROTOTYPES = YES;
				CLANG_WARN_SUSPICIOUS_MOVE = YES;
				CLANG_WARN_UNGUARDED_AVAILABILITY = YES_AGGRESSIVE;
				CLANG_WARN_UNREACHABLE_CODE = YES;
				CLANG_WARN__DUPLICATE_METHOD_MATCH = YES;
				CODE_SIGN_IDENTITY = "iPhone Developer";
				COPY_PHASE_STRIP = NO;
				DEBUG_INFORMATION_FORMAT = "dwarf-with-dsym";
				ENABLE_NS_ASSERTIONS = NO;
				ENABLE_STRICT_OBJC_MSGSEND = YES;
				GCC_C_LANGUAGE_STANDARD = gnu11;
				GCC_NO_COMMON_BLOCKS = YES;
				GCC_WARN_64_TO_32_BIT_CONVERSION = YES;
				GCC_WARN_ABOUT_RETURN_TYPE = YES_ERROR;
				GCC_WARN_UNDECLARED_SELECTOR = YES;
				GCC_WARN_UNINITIALIZED_AUTOS = YES_AGGRESSIVE;
				GCC_WARN_UNUSED_FUNCTION = YES;
				GCC_WARN_UNUSED_VARIABLE = YES;
				IPHONEOS_DEPLOYMENT_TARGET = 12.0;
				MTL_ENABLE_DEBUG_INFO = NO;
				MTL_FAST_MATH = YES;
				SDKROOT = iphoneos;
				SWIFT_COMPILATION_MODE = wholemodule;
				SWIFT_OPTIMIZATION_LEVEL = "-O";
				VALIDATE_PRODUCT = YES;
			};
			name = Release;
		};
		EE7B5D7821645AB100FB5197 /* Debug */ = {
			isa = XCBuildConfiguration;
			buildSettings = {
				ASSETCATALOG_COMPILER_APPICON_NAME = AppIcon;
				CODE_SIGN_STYLE = Automatic;
				DEVELOPMENT_TEAM = JVMNYN26VG;
				INFOPLIST_FILE = StudentManagement/Info.plist;
				LD_RUNPATH_SEARCH_PATHS = (
					"$(inherited)",
					"@executable_path/Frameworks",
				);
				PRODUCT_BUNDLE_IDENTIFIER = com.sonamserchan.StudentManagement;
				PRODUCT_NAME = "$(TARGET_NAME)";
				SWIFT_VERSION = 4.2;
				TARGETED_DEVICE_FAMILY = "1,2";
			};
			name = Debug;
		};
		EE7B5D7921645AB100FB5197 /* Release */ = {
			isa = XCBuildConfiguration;
			buildSettings = {
				ASSETCATALOG_COMPILER_APPICON_NAME = AppIcon;
				CODE_SIGN_STYLE = Automatic;
				DEVELOPMENT_TEAM = JVMNYN26VG;
				INFOPLIST_FILE = StudentManagement/Info.plist;
				LD_RUNPATH_SEARCH_PATHS = (
					"$(inherited)",
					"@executable_path/Frameworks",
				);
				PRODUCT_BUNDLE_IDENTIFIER = com.sonamserchan.StudentManagement;
				PRODUCT_NAME = "$(TARGET_NAME)";
				SWIFT_VERSION = 4.2;
				TARGETED_DEVICE_FAMILY = "1,2";
			};
			name = Release;
		};
		EE7B5D7B21645AB100FB5197 /* Debug */ = {
			isa = XCBuildConfiguration;
			buildSettings = {
				ALWAYS_EMBED_SWIFT_STANDARD_LIBRARIES = YES;
				BUNDLE_LOADER = "$(TEST_HOST)";
				CODE_SIGN_STYLE = Automatic;
				DEVELOPMENT_TEAM = JVMNYN26VG;
				INFOPLIST_FILE = StudentManagementTests/Info.plist;
				LD_RUNPATH_SEARCH_PATHS = (
					"$(inherited)",
					"@executable_path/Frameworks",
					"@loader_path/Frameworks",
				);
				PRODUCT_BUNDLE_IDENTIFIER = com.sonamserchan.StudentManagementTests;
				PRODUCT_NAME = "$(TARGET_NAME)";
				SWIFT_VERSION = 4.2;
				TARGETED_DEVICE_FAMILY = "1,2";
				TEST_HOST = "$(BUILT_PRODUCTS_DIR)/StudentManagement.app/StudentManagement";
			};
			name = Debug;
		};
		EE7B5D7C21645AB100FB5197 /* Release */ = {
			isa = XCBuildConfiguration;
			buildSettings = {
				ALWAYS_EMBED_SWIFT_STANDARD_LIBRARIES = YES;
				BUNDLE_LOADER = "$(TEST_HOST)";
				CODE_SIGN_STYLE = Automatic;
				DEVELOPMENT_TEAM = JVMNYN26VG;
				INFOPLIST_FILE = StudentManagementTests/Info.plist;
				LD_RUNPATH_SEARCH_PATHS = (
					"$(inherited)",
					"@executable_path/Frameworks",
					"@loader_path/Frameworks",
				);
				PRODUCT_BUNDLE_IDENTIFIER = com.sonamserchan.StudentManagementTests;
				PRODUCT_NAME = "$(TARGET_NAME)";
				SWIFT_VERSION = 4.2;
				TARGETED_DEVICE_FAMILY = "1,2";
				TEST_HOST = "$(BUILT_PRODUCTS_DIR)/StudentManagement.app/StudentManagement";
			};
			name = Release;
		};
/* End XCBuildConfiguration section */

/* Begin XCConfigurationList section */
		EE7B5D5221645AAF00FB5197 /* Build configuration list for PBXProject "StudentManagement" */ = {
			isa = XCConfigurationList;
			buildConfigurations = (
				EE7B5D7521645AB100FB5197 /* Debug */,
				EE7B5D7621645AB100FB5197 /* Release */,
			);
			defaultConfigurationIsVisible = 0;
			defaultConfigurationName = Release;
		};
		EE7B5D7721645AB100FB5197 /* Build configuration list for PBXNativeTarget "StudentManagement" */ = {
			isa = XCConfigurationList;
			buildConfigurations = (
				EE7B5D7821645AB100FB5197 /* Debug */,
				EE7B5D7921645AB100FB5197 /* Release */,
			);
			defaultConfigurationIsVisible = 0;
			defaultConfigurationName = Release;
		};
		EE7B5D7A21645AB100FB5197 /* Build configuration list for PBXNativeTarget "StudentManagementTests" */ = {
			isa = XCConfigurationList;
			buildConfigurations = (
				EE7B5D7B21645AB100FB5197 /* Debug */,
				EE7B5D7C21645AB100FB5197 /* Release */,
			);
			defaultConfigurationIsVisible = 0;
			defaultConfigurationName = Release;
		};
/* End XCConfigurationList section */

/* Begin XCVersionGroup section */
		EE7B5D6121645AAF00FB5197 /* StudentManagement.xcdatamodeld */ = {
			isa = XCVersionGroup;
			children = (
				EE7B5D6221645AAF00FB5197 /* StudentManagement.xcdatamodel */,
			);
			currentVersion = EE7B5D6221645AAF00FB5197 /* StudentManagement.xcdatamodel */;
			path = StudentManagement.xcdatamodeld;
			sourceTree = "<group>";
			versionGroupType = wrapper.xcdatamodel;
		};
/* End XCVersionGroup section */
	};
	rootObject = EE7B5D4F21645AAF00FB5197 /* Project object */;
}
